// !$*UTF8*$!
{
	archiveVersion = 1;
	classes = {
	};
	objectVersion = 56;
	objects = {

/* Begin PBXBuildFile section */
		B13D129B29AD44E4004ED670 /* ApplicationService.swift in Sources */ = {isa = PBXBuildFile; fileRef = B13D129A29AD44E4004ED670 /* ApplicationService.swift */; };
		B13D129D29AD44FC004ED670 /* Coordinator.swift in Sources */ = {isa = PBXBuildFile; fileRef = B13D129C29AD44FC004ED670 /* Coordinator.swift */; };
		B13D129F29AD4511004ED670 /* SkarbanError.swift in Sources */ = {isa = PBXBuildFile; fileRef = B13D129E29AD4511004ED670 /* SkarbanError.swift */; };
		B16702E12A33C1C000253ACA /* ApplicationClient.swift in Sources */ = {isa = PBXBuildFile; fileRef = B16702E02A33C1C000253ACA /* ApplicationClient.swift */; };
		B16702E42A345B3300253ACA /* AuthenticationMonitor.swift in Sources */ = {isa = PBXBuildFile; fileRef = B16702E32A345B3300253ACA /* AuthenticationMonitor.swift */; };
		B16702E62A345CBD00253ACA /* Logger+Init.swift in Sources */ = {isa = PBXBuildFile; fileRef = B16702E52A345CBD00253ACA /* Logger+Init.swift */; };
		B16702E82A3462B200253ACA /* SkarbListController.swift in Sources */ = {isa = PBXBuildFile; fileRef = B16702E72A3462B200253ACA /* SkarbListController.swift */; };
		B16702EA2A3466D800253ACA /* ModuleController.swift in Sources */ = {isa = PBXBuildFile; fileRef = B16702E92A3466D800253ACA /* ModuleController.swift */; };
		B1AE60A02A34EF02002D2B22 /* SignUpViewModel.swift in Sources */ = {isa = PBXBuildFile; fileRef = B1AE609E2A34EF02002D2B22 /* SignUpViewModel.swift */; };
		B1AE60A12A34EF02002D2B22 /* SignUpView.swift in Sources */ = {isa = PBXBuildFile; fileRef = B1AE609F2A34EF02002D2B22 /* SignUpView.swift */; };
		B1BC404B2A33BD6A0010F1B6 /* AuthenticationService.swift in Sources */ = {isa = PBXBuildFile; fileRef = B1BC404A2A33BD6A0010F1B6 /* AuthenticationService.swift */; };
		B1EDB83C2A2BEF98004B7FAD /* Appwrite in Frameworks */ = {isa = PBXBuildFile; productRef = B1EDB83B2A2BEF98004B7FAD /* Appwrite */; };
		B1EDB83E2A2BF309004B7FAD /* AppwriteService.swift in Sources */ = {isa = PBXBuildFile; fileRef = B1EDB83D2A2BF309004B7FAD /* AppwriteService.swift */; };
		B1EDB8402A2BF604004B7FAD /* AuthenticationController.swift in Sources */ = {isa = PBXBuildFile; fileRef = B1EDB83F2A2BF604004B7FAD /* AuthenticationController.swift */; };
		B1EDB8452A2BF748004B7FAD /* LoginViewModel.swift in Sources */ = {isa = PBXBuildFile; fileRef = B1EDB8442A2BF748004B7FAD /* LoginViewModel.swift */; };
		B1EDB8472A2BF8F7004B7FAD /* LoginView.swift in Sources */ = {isa = PBXBuildFile; fileRef = B1EDB8462A2BF8F7004B7FAD /* LoginView.swift */; };
		B1EDB8492A2BF99C004B7FAD /* SkarbListView.swift in Sources */ = {isa = PBXBuildFile; fileRef = B1EDB8482A2BF99C004B7FAD /* SkarbListView.swift */; };
		B1EDB84B2A2CCC09004B7FAD /* AuthenticationCoordinator.swift in Sources */ = {isa = PBXBuildFile; fileRef = B1EDB84A2A2CCC09004B7FAD /* AuthenticationCoordinator.swift */; };
		B1EDB84D2A2CD03F004B7FAD /* GlobalContext.swift in Sources */ = {isa = PBXBuildFile; fileRef = B1EDB84C2A2CD03F004B7FAD /* GlobalContext.swift */; };
		B1EDB8532A2D0956004B7FAD /* NetworkClient.swift in Sources */ = {isa = PBXBuildFile; fileRef = B1EDB8522A2D0956004B7FAD /* NetworkClient.swift */; };
		B1EDB8562A2D4112004B7FAD /* SecureDatabaseClient.swift in Sources */ = {isa = PBXBuildFile; fileRef = B1EDB8552A2D4112004B7FAD /* SecureDatabaseClient.swift */; };
		B1FD063329ABE1BF00180914 /* AppDelegate.swift in Sources */ = {isa = PBXBuildFile; fileRef = B1FD063229ABE1BF00180914 /* AppDelegate.swift */; };
		B1FD063529ABE1BF00180914 /* SceneDelegate.swift in Sources */ = {isa = PBXBuildFile; fileRef = B1FD063429ABE1BF00180914 /* SceneDelegate.swift */; };
		B1FD063D29ABE1BF00180914 /* Skarban.xcdatamodeld in Sources */ = {isa = PBXBuildFile; fileRef = B1FD063B29ABE1BF00180914 /* Skarban.xcdatamodeld */; };
		B1FD063F29ABE1C000180914 /* Assets.xcassets in Resources */ = {isa = PBXBuildFile; fileRef = B1FD063E29ABE1C000180914 /* Assets.xcassets */; };
		B1FD064229ABE1C000180914 /* LaunchScreen.storyboard in Resources */ = {isa = PBXBuildFile; fileRef = B1FD064029ABE1C000180914 /* LaunchScreen.storyboard */; };
		B1FD064A29ABE30D00180914 /* ApplicationCore.swift in Sources */ = {isa = PBXBuildFile; fileRef = B1FD064929ABE30D00180914 /* ApplicationCore.swift */; };
		B1FD064E29ABE4D500180914 /* SkarbListCoordinator.swift in Sources */ = {isa = PBXBuildFile; fileRef = B1FD064D29ABE4D500180914 /* SkarbListCoordinator.swift */; };
		B1FD065029ABE4DD00180914 /* SkarbListViewModel.swift in Sources */ = {isa = PBXBuildFile; fileRef = B1FD064F29ABE4DD00180914 /* SkarbListViewModel.swift */; };
		B1FD065529ABE93600180914 /* DatabaseService.swift in Sources */ = {isa = PBXBuildFile; fileRef = B1FD065429ABE93600180914 /* DatabaseService.swift */; };
		B1FD065729ABEB1D00180914 /* NSPersistentCloudKitContainer+Async.swift in Sources */ = {isa = PBXBuildFile; fileRef = B1FD065629ABEB1D00180914 /* NSPersistentCloudKitContainer+Async.swift */; };
/* End PBXBuildFile section */

/* Begin PBXFileReference section */
		B13D129A29AD44E4004ED670 /* ApplicationService.swift */ = {isa = PBXFileReference; lastKnownFileType = sourcecode.swift; path = ApplicationService.swift; sourceTree = "<group>"; };
		B13D129C29AD44FC004ED670 /* Coordinator.swift */ = {isa = PBXFileReference; lastKnownFileType = sourcecode.swift; path = Coordinator.swift; sourceTree = "<group>"; };
		B13D129E29AD4511004ED670 /* SkarbanError.swift */ = {isa = PBXFileReference; lastKnownFileType = sourcecode.swift; path = SkarbanError.swift; sourceTree = "<group>"; };
		B140AB6E2A34D09200498E16 /* Skarban.entitlements */ = {isa = PBXFileReference; lastKnownFileType = text.plist.entitlements; path = Skarban.entitlements; sourceTree = "<group>"; };
		B16702E02A33C1C000253ACA /* ApplicationClient.swift */ = {isa = PBXFileReference; lastKnownFileType = sourcecode.swift; path = ApplicationClient.swift; sourceTree = "<group>"; };
		B16702E32A345B3300253ACA /* AuthenticationMonitor.swift */ = {isa = PBXFileReference; lastKnownFileType = sourcecode.swift; path = AuthenticationMonitor.swift; sourceTree = "<group>"; };
		B16702E52A345CBD00253ACA /* Logger+Init.swift */ = {isa = PBXFileReference; lastKnownFileType = sourcecode.swift; path = "Logger+Init.swift"; sourceTree = "<group>"; };
		B16702E72A3462B200253ACA /* SkarbListController.swift */ = {isa = PBXFileReference; lastKnownFileType = sourcecode.swift; path = SkarbListController.swift; sourceTree = "<group>"; };
		B16702E92A3466D800253ACA /* ModuleController.swift */ = {isa = PBXFileReference; lastKnownFileType = sourcecode.swift; path = ModuleController.swift; sourceTree = "<group>"; };
		B1AE609E2A34EF02002D2B22 /* SignUpViewModel.swift */ = {isa = PBXFileReference; fileEncoding = 4; lastKnownFileType = sourcecode.swift; path = SignUpViewModel.swift; sourceTree = "<group>"; };
		B1AE609F2A34EF02002D2B22 /* SignUpView.swift */ = {isa = PBXFileReference; fileEncoding = 4; lastKnownFileType = sourcecode.swift; path = SignUpView.swift; sourceTree = "<group>"; };
		B1BC404A2A33BD6A0010F1B6 /* AuthenticationService.swift */ = {isa = PBXFileReference; lastKnownFileType = sourcecode.swift; path = AuthenticationService.swift; sourceTree = "<group>"; };
		B1EDB83D2A2BF309004B7FAD /* AppwriteService.swift */ = {isa = PBXFileReference; lastKnownFileType = sourcecode.swift; path = AppwriteService.swift; sourceTree = "<group>"; };
		B1EDB83F2A2BF604004B7FAD /* AuthenticationController.swift */ = {isa = PBXFileReference; lastKnownFileType = sourcecode.swift; path = AuthenticationController.swift; sourceTree = "<group>"; };
		B1EDB8442A2BF748004B7FAD /* LoginViewModel.swift */ = {isa = PBXFileReference; lastKnownFileType = sourcecode.swift; path = LoginViewModel.swift; sourceTree = "<group>"; };
		B1EDB8462A2BF8F7004B7FAD /* LoginView.swift */ = {isa = PBXFileReference; lastKnownFileType = sourcecode.swift; path = LoginView.swift; sourceTree = "<group>"; };
		B1EDB8482A2BF99C004B7FAD /* SkarbListView.swift */ = {isa = PBXFileReference; lastKnownFileType = sourcecode.swift; path = SkarbListView.swift; sourceTree = "<group>"; };
		B1EDB84A2A2CCC09004B7FAD /* AuthenticationCoordinator.swift */ = {isa = PBXFileReference; lastKnownFileType = sourcecode.swift; path = AuthenticationCoordinator.swift; sourceTree = "<group>"; };
		B1EDB84C2A2CD03F004B7FAD /* GlobalContext.swift */ = {isa = PBXFileReference; lastKnownFileType = sourcecode.swift; path = GlobalContext.swift; sourceTree = "<group>"; };
		B1EDB8522A2D0956004B7FAD /* NetworkClient.swift */ = {isa = PBXFileReference; lastKnownFileType = sourcecode.swift; path = NetworkClient.swift; sourceTree = "<group>"; };
		B1EDB8552A2D4112004B7FAD /* SecureDatabaseClient.swift */ = {isa = PBXFileReference; lastKnownFileType = sourcecode.swift; path = SecureDatabaseClient.swift; sourceTree = "<group>"; };
		B1FD062F29ABE1BF00180914 /* Skarban.app */ = {isa = PBXFileReference; explicitFileType = wrapper.application; includeInIndex = 0; path = Skarban.app; sourceTree = BUILT_PRODUCTS_DIR; };
		B1FD063229ABE1BF00180914 /* AppDelegate.swift */ = {isa = PBXFileReference; lastKnownFileType = sourcecode.swift; path = AppDelegate.swift; sourceTree = "<group>"; };
		B1FD063429ABE1BF00180914 /* SceneDelegate.swift */ = {isa = PBXFileReference; lastKnownFileType = sourcecode.swift; path = SceneDelegate.swift; sourceTree = "<group>"; };
		B1FD063C29ABE1BF00180914 /* Skarban.xcdatamodel */ = {isa = PBXFileReference; lastKnownFileType = wrapper.xcdatamodel; path = Skarban.xcdatamodel; sourceTree = "<group>"; };
		B1FD063E29ABE1C000180914 /* Assets.xcassets */ = {isa = PBXFileReference; lastKnownFileType = folder.assetcatalog; path = Assets.xcassets; sourceTree = "<group>"; };
		B1FD064129ABE1C000180914 /* Base */ = {isa = PBXFileReference; lastKnownFileType = file.storyboard; name = Base; path = Base.lproj/LaunchScreen.storyboard; sourceTree = "<group>"; };
		B1FD064329ABE1C000180914 /* Info.plist */ = {isa = PBXFileReference; lastKnownFileType = text.plist.xml; path = Info.plist; sourceTree = "<group>"; };
		B1FD064929ABE30D00180914 /* ApplicationCore.swift */ = {isa = PBXFileReference; lastKnownFileType = sourcecode.swift; path = ApplicationCore.swift; sourceTree = "<group>"; };
		B1FD064D29ABE4D500180914 /* SkarbListCoordinator.swift */ = {isa = PBXFileReference; lastKnownFileType = sourcecode.swift; path = SkarbListCoordinator.swift; sourceTree = "<group>"; };
		B1FD064F29ABE4DD00180914 /* SkarbListViewModel.swift */ = {isa = PBXFileReference; lastKnownFileType = sourcecode.swift; path = SkarbListViewModel.swift; sourceTree = "<group>"; };
		B1FD065429ABE93600180914 /* DatabaseService.swift */ = {isa = PBXFileReference; lastKnownFileType = sourcecode.swift; path = DatabaseService.swift; sourceTree = "<group>"; };
		B1FD065629ABEB1D00180914 /* NSPersistentCloudKitContainer+Async.swift */ = {isa = PBXFileReference; lastKnownFileType = sourcecode.swift; path = "NSPersistentCloudKitContainer+Async.swift"; sourceTree = "<group>"; };
/* End PBXFileReference section */

/* Begin PBXFrameworksBuildPhase section */
		B1FD062C29ABE1BF00180914 /* Frameworks */ = {
			isa = PBXFrameworksBuildPhase;
			buildActionMask = 2147483647;
			files = (
				B1EDB83C2A2BEF98004B7FAD /* Appwrite in Frameworks */,
			);
			runOnlyForDeploymentPostprocessing = 0;
		};
/* End PBXFrameworksBuildPhase section */

/* Begin PBXGroup section */
		B13D12A129AD45AB004ED670 /* Extensions */ = {
			isa = PBXGroup;
			children = (
				B1FD065629ABEB1D00180914 /* NSPersistentCloudKitContainer+Async.swift */,
				B16702E52A345CBD00253ACA /* Logger+Init.swift */,
			);
			path = Extensions;
			sourceTree = "<group>";
		};
		B13D12A229AD45BB004ED670 /* AppServices */ = {
			isa = PBXGroup;
			children = (
				B13D129A29AD44E4004ED670 /* ApplicationService.swift */,
				B1FD065429ABE93600180914 /* DatabaseService.swift */,
				B1EDB83D2A2BF309004B7FAD /* AppwriteService.swift */,
				B1BC404A2A33BD6A0010F1B6 /* AuthenticationService.swift */,
			);
			path = AppServices;
			sourceTree = "<group>";
		};
		B13D12A329AD45CC004ED670 /* Root */ = {
			isa = PBXGroup;
			children = (
				B1FD064929ABE30D00180914 /* ApplicationCore.swift */,
				B13D129E29AD4511004ED670 /* SkarbanError.swift */,
				B13D129C29AD44FC004ED670 /* Coordinator.swift */,
				B1EDB84C2A2CD03F004B7FAD /* GlobalContext.swift */,
				B16702E92A3466D800253ACA /* ModuleController.swift */,
			);
			path = Root;
			sourceTree = "<group>";
		};
		B13D12A429AD45EA004ED670 /* Modules */ = {
			isa = PBXGroup;
			children = (
				B16702DF2A33C10500253ACA /* Clients */,
				B1EDB8412A2BF6E3004B7FAD /* AuthenticationFlow */,
				B1FD065129ABE4E200180914 /* SkarbList */,
			);
			path = Modules;
			sourceTree = "<group>";
		};
		B16702DF2A33C10500253ACA /* Clients */ = {
			isa = PBXGroup;
			children = (
				B16702E02A33C1C000253ACA /* ApplicationClient.swift */,
				B1EDB8522A2D0956004B7FAD /* NetworkClient.swift */,
				B1EDB8552A2D4112004B7FAD /* SecureDatabaseClient.swift */,
			);
			path = Clients;
			sourceTree = "<group>";
		};
		B16702E22A345B1F00253ACA /* Monitors */ = {
			isa = PBXGroup;
			children = (
				B16702E32A345B3300253ACA /* AuthenticationMonitor.swift */,
			);
			path = Monitors;
			sourceTree = "<group>";
		};
		B1EDB8412A2BF6E3004B7FAD /* AuthenticationFlow */ = {
			isa = PBXGroup;
			children = (
				B1AE609F2A34EF02002D2B22 /* SignUpView.swift */,
				B1AE609E2A34EF02002D2B22 /* SignUpViewModel.swift */,
				B1EDB83F2A2BF604004B7FAD /* AuthenticationController.swift */,
				B1EDB84A2A2CCC09004B7FAD /* AuthenticationCoordinator.swift */,
				B1EDB8442A2BF748004B7FAD /* LoginViewModel.swift */,
				B1EDB8462A2BF8F7004B7FAD /* LoginView.swift */,
			);
			path = AuthenticationFlow;
			sourceTree = "<group>";
		};
		B1FD062629ABE1BF00180914 = {
			isa = PBXGroup;
			children = (
				B1FD063129ABE1BF00180914 /* Skarban */,
				B1FD063029ABE1BF00180914 /* Products */,
			);
			sourceTree = "<group>";
		};
		B1FD063029ABE1BF00180914 /* Products */ = {
			isa = PBXGroup;
			children = (
				B1FD062F29ABE1BF00180914 /* Skarban.app */,
			);
			name = Products;
			sourceTree = "<group>";
		};
		B1FD063129ABE1BF00180914 /* Skarban */ = {
			isa = PBXGroup;
			children = (
				B140AB6E2A34D09200498E16 /* Skarban.entitlements */,
				B16702E22A345B1F00253ACA /* Monitors */,
				B1FD063229ABE1BF00180914 /* AppDelegate.swift */,
				B1FD063429ABE1BF00180914 /* SceneDelegate.swift */,
				B1FD063E29ABE1C000180914 /* Assets.xcassets */,
				B1FD064029ABE1C000180914 /* LaunchScreen.storyboard */,
				B1FD064329ABE1C000180914 /* Info.plist */,
				B1FD063B29ABE1BF00180914 /* Skarban.xcdatamodeld */,
				B13D12A329AD45CC004ED670 /* Root */,
				B13D12A429AD45EA004ED670 /* Modules */,
				B13D12A229AD45BB004ED670 /* AppServices */,
				B13D12A129AD45AB004ED670 /* Extensions */,
			);
			path = Skarban;
			sourceTree = "<group>";
		};
		B1FD065129ABE4E200180914 /* SkarbList */ = {
			isa = PBXGroup;
			children = (
				B16702E72A3462B200253ACA /* SkarbListController.swift */,
				B1FD064D29ABE4D500180914 /* SkarbListCoordinator.swift */,
				B1FD064F29ABE4DD00180914 /* SkarbListViewModel.swift */,
				B1EDB8482A2BF99C004B7FAD /* SkarbListView.swift */,
			);
			path = SkarbList;
			sourceTree = "<group>";
		};
/* End PBXGroup section */

/* Begin PBXNativeTarget section */
		B1FD062E29ABE1BF00180914 /* Skarban */ = {
			isa = PBXNativeTarget;
			buildConfigurationList = B1FD064629ABE1C000180914 /* Build configuration list for PBXNativeTarget "Skarban" */;
			buildPhases = (
				B1FD062B29ABE1BF00180914 /* Sources */,
				B1FD062C29ABE1BF00180914 /* Frameworks */,
				B1FD062D29ABE1BF00180914 /* Resources */,
			);
			buildRules = (
			);
			dependencies = (
			);
			name = Skarban;
			packageProductDependencies = (
				B1EDB83B2A2BEF98004B7FAD /* Appwrite */,
			);
			productName = Skarban;
			productReference = B1FD062F29ABE1BF00180914 /* Skarban.app */;
			productType = "com.apple.product-type.application";
		};
/* End PBXNativeTarget section */

/* Begin PBXProject section */
		B1FD062729ABE1BF00180914 /* Project object */ = {
			isa = PBXProject;
			attributes = {
				BuildIndependentTargetsInParallel = 1;
				LastSwiftUpdateCheck = 1420;
				LastUpgradeCheck = 1420;
				TargetAttributes = {
					B1FD062E29ABE1BF00180914 = {
						CreatedOnToolsVersion = 14.2;
					};
				};
			};
			buildConfigurationList = B1FD062A29ABE1BF00180914 /* Build configuration list for PBXProject "Skarban" */;
			compatibilityVersion = "Xcode 14.0";
			developmentRegion = en;
			hasScannedForEncodings = 0;
			knownRegions = (
				en,
				Base,
			);
			mainGroup = B1FD062629ABE1BF00180914;
			packageReferences = (
				B1EDB83A2A2BEF98004B7FAD /* XCRemoteSwiftPackageReference "sdk-for-apple" */,
			);
			productRefGroup = B1FD063029ABE1BF00180914 /* Products */;
			projectDirPath = "";
			projectRoot = "";
			targets = (
				B1FD062E29ABE1BF00180914 /* Skarban */,
			);
		};
/* End PBXProject section */

/* Begin PBXResourcesBuildPhase section */
		B1FD062D29ABE1BF00180914 /* Resources */ = {
			isa = PBXResourcesBuildPhase;
			buildActionMask = 2147483647;
			files = (
				B1FD064229ABE1C000180914 /* LaunchScreen.storyboard in Resources */,
				B1FD063F29ABE1C000180914 /* Assets.xcassets in Resources */,
			);
			runOnlyForDeploymentPostprocessing = 0;
		};
/* End PBXResourcesBuildPhase section */

/* Begin PBXSourcesBuildPhase section */
		B1FD062B29ABE1BF00180914 /* Sources */ = {
			isa = PBXSourcesBuildPhase;
			buildActionMask = 2147483647;
			files = (
				B1EDB84D2A2CD03F004B7FAD /* GlobalContext.swift in Sources */,
				B1EDB8562A2D4112004B7FAD /* SecureDatabaseClient.swift in Sources */,
				B1FD065529ABE93600180914 /* DatabaseService.swift in Sources */,
				B13D129D29AD44FC004ED670 /* Coordinator.swift in Sources */,
				B1FD064A29ABE30D00180914 /* ApplicationCore.swift in Sources */,
				B1FD063329ABE1BF00180914 /* AppDelegate.swift in Sources */,
				B1EDB84B2A2CCC09004B7FAD /* AuthenticationCoordinator.swift in Sources */,
				B1EDB83E2A2BF309004B7FAD /* AppwriteService.swift in Sources */,
				B1FD064E29ABE4D500180914 /* SkarbListCoordinator.swift in Sources */,
				B1EDB8452A2BF748004B7FAD /* LoginViewModel.swift in Sources */,
				B1EDB8532A2D0956004B7FAD /* NetworkClient.swift in Sources */,
				B16702E62A345CBD00253ACA /* Logger+Init.swift in Sources */,
				B1FD063D29ABE1BF00180914 /* Skarban.xcdatamodeld in Sources */,
				B1AE60A02A34EF02002D2B22 /* SignUpViewModel.swift in Sources */,
				B1EDB8492A2BF99C004B7FAD /* SkarbListView.swift in Sources */,
				B13D129F29AD4511004ED670 /* SkarbanError.swift in Sources */,
				B16702E82A3462B200253ACA /* SkarbListController.swift in Sources */,
				B13D129B29AD44E4004ED670 /* ApplicationService.swift in Sources */,
				B1EDB8402A2BF604004B7FAD /* AuthenticationController.swift in Sources */,
				B1FD063529ABE1BF00180914 /* SceneDelegate.swift in Sources */,
				B1FD065029ABE4DD00180914 /* SkarbListViewModel.swift in Sources */,
				B1EDB8472A2BF8F7004B7FAD /* LoginView.swift in Sources */,
				B16702E12A33C1C000253ACA /* ApplicationClient.swift in Sources */,
				B16702E42A345B3300253ACA /* AuthenticationMonitor.swift in Sources */,
				B1AE60A12A34EF02002D2B22 /* SignUpView.swift in Sources */,
				B1FD065729ABEB1D00180914 /* NSPersistentCloudKitContainer+Async.swift in Sources */,
				B1BC404B2A33BD6A0010F1B6 /* AuthenticationService.swift in Sources */,
				B16702EA2A3466D800253ACA /* ModuleController.swift in Sources */,
			);
			runOnlyForDeploymentPostprocessing = 0;
		};
/* End PBXSourcesBuildPhase section */

/* Begin PBXVariantGroup section */
		B1FD064029ABE1C000180914 /* LaunchScreen.storyboard */ = {
			isa = PBXVariantGroup;
			children = (
				B1FD064129ABE1C000180914 /* Base */,
			);
			name = LaunchScreen.storyboard;
			sourceTree = "<group>";
		};
/* End PBXVariantGroup section */

/* Begin XCBuildConfiguration section */
		B1FD064429ABE1C000180914 /* Debug */ = {
			isa = XCBuildConfiguration;
			buildSettings = {
				ALWAYS_SEARCH_USER_PATHS = NO;
				CLANG_ANALYZER_NONNULL = YES;
				CLANG_ANALYZER_NUMBER_OBJECT_CONVERSION = YES_AGGRESSIVE;
				CLANG_CXX_LANGUAGE_STANDARD = "gnu++20";
				CLANG_ENABLE_MODULES = YES;
				CLANG_ENABLE_OBJC_ARC = YES;
				CLANG_ENABLE_OBJC_WEAK = YES;
				CLANG_WARN_BLOCK_CAPTURE_AUTORELEASING = YES;
				CLANG_WARN_BOOL_CONVERSION = YES;
				CLANG_WARN_COMMA = YES;
				CLANG_WARN_CONSTANT_CONVERSION = YES;
				CLANG_WARN_DEPRECATED_OBJC_IMPLEMENTATIONS = YES;
				CLANG_WARN_DIRECT_OBJC_ISA_USAGE = YES_ERROR;
				CLANG_WARN_DOCUMENTATION_COMMENTS = YES;
				CLANG_WARN_EMPTY_BODY = YES;
				CLANG_WARN_ENUM_CONVERSION = YES;
				CLANG_WARN_INFINITE_RECURSION = YES;
				CLANG_WARN_INT_CONVERSION = YES;
				CLANG_WARN_NON_LITERAL_NULL_CONVERSION = YES;
				CLANG_WARN_OBJC_IMPLICIT_RETAIN_SELF = YES;
				CLANG_WARN_OBJC_LITERAL_CONVERSION = YES;
				CLANG_WARN_OBJC_ROOT_CLASS = YES_ERROR;
				CLANG_WARN_QUOTED_INCLUDE_IN_FRAMEWORK_HEADER = YES;
				CLANG_WARN_RANGE_LOOP_ANALYSIS = YES;
				CLANG_WARN_STRICT_PROTOTYPES = YES;
				CLANG_WARN_SUSPICIOUS_MOVE = YES;
				CLANG_WARN_UNGUARDED_AVAILABILITY = YES_AGGRESSIVE;
				CLANG_WARN_UNREACHABLE_CODE = YES;
				CLANG_WARN__DUPLICATE_METHOD_MATCH = YES;
				COPY_PHASE_STRIP = NO;
				DEBUG_INFORMATION_FORMAT = dwarf;
				ENABLE_STRICT_OBJC_MSGSEND = YES;
				ENABLE_TESTABILITY = YES;
				GCC_C_LANGUAGE_STANDARD = gnu11;
				GCC_DYNAMIC_NO_PIC = NO;
				GCC_NO_COMMON_BLOCKS = YES;
				GCC_OPTIMIZATION_LEVEL = 0;
				GCC_PREPROCESSOR_DEFINITIONS = (
					"DEBUG=1",
					"$(inherited)",
				);
				GCC_WARN_64_TO_32_BIT_CONVERSION = YES;
				GCC_WARN_ABOUT_RETURN_TYPE = YES_ERROR;
				GCC_WARN_UNDECLARED_SELECTOR = YES;
				GCC_WARN_UNINITIALIZED_AUTOS = YES_AGGRESSIVE;
				GCC_WARN_UNUSED_FUNCTION = YES;
				GCC_WARN_UNUSED_VARIABLE = YES;
				IPHONEOS_DEPLOYMENT_TARGET = 16.2;
				MTL_ENABLE_DEBUG_INFO = INCLUDE_SOURCE;
				MTL_FAST_MATH = YES;
				ONLY_ACTIVE_ARCH = YES;
				SDKROOT = iphoneos;
				SWIFT_ACTIVE_COMPILATION_CONDITIONS = DEBUG;
				SWIFT_OPTIMIZATION_LEVEL = "-Onone";
			};
			name = Debug;
		};
		B1FD064529ABE1C000180914 /* Release */ = {
			isa = XCBuildConfiguration;
			buildSettings = {
				ALWAYS_SEARCH_USER_PATHS = NO;
				CLANG_ANALYZER_NONNULL = YES;
				CLANG_ANALYZER_NUMBER_OBJECT_CONVERSION = YES_AGGRESSIVE;
				CLANG_CXX_LANGUAGE_STANDARD = "gnu++20";
				CLANG_ENABLE_MODULES = YES;
				CLANG_ENABLE_OBJC_ARC = YES;
				CLANG_ENABLE_OBJC_WEAK = YES;
				CLANG_WARN_BLOCK_CAPTURE_AUTORELEASING = YES;
				CLANG_WARN_BOOL_CONVERSION = YES;
				CLANG_WARN_COMMA = YES;
				CLANG_WARN_CONSTANT_CONVERSION = YES;
				CLANG_WARN_DEPRECATED_OBJC_IMPLEMENTATIONS = YES;
				CLANG_WARN_DIRECT_OBJC_ISA_USAGE = YES_ERROR;
				CLANG_WARN_DOCUMENTATION_COMMENTS = YES;
				CLANG_WARN_EMPTY_BODY = YES;
				CLANG_WARN_ENUM_CONVERSION = YES;
				CLANG_WARN_INFINITE_RECURSION = YES;
				CLANG_WARN_INT_CONVERSION = YES;
				CLANG_WARN_NON_LITERAL_NULL_CONVERSION = YES;
				CLANG_WARN_OBJC_IMPLICIT_RETAIN_SELF = YES;
				CLANG_WARN_OBJC_LITERAL_CONVERSION = YES;
				CLANG_WARN_OBJC_ROOT_CLASS = YES_ERROR;
				CLANG_WARN_QUOTED_INCLUDE_IN_FRAMEWORK_HEADER = YES;
				CLANG_WARN_RANGE_LOOP_ANALYSIS = YES;
				CLANG_WARN_STRICT_PROTOTYPES = YES;
				CLANG_WARN_SUSPICIOUS_MOVE = YES;
				CLANG_WARN_UNGUARDED_AVAILABILITY = YES_AGGRESSIVE;
				CLANG_WARN_UNREACHABLE_CODE = YES;
				CLANG_WARN__DUPLICATE_METHOD_MATCH = YES;
				COPY_PHASE_STRIP = NO;
				DEBUG_INFORMATION_FORMAT = "dwarf-with-dsym";
				ENABLE_NS_ASSERTIONS = NO;
				ENABLE_STRICT_OBJC_MSGSEND = YES;
				GCC_C_LANGUAGE_STANDARD = gnu11;
				GCC_NO_COMMON_BLOCKS = YES;
				GCC_WARN_64_TO_32_BIT_CONVERSION = YES;
				GCC_WARN_ABOUT_RETURN_TYPE = YES_ERROR;
				GCC_WARN_UNDECLARED_SELECTOR = YES;
				GCC_WARN_UNINITIALIZED_AUTOS = YES_AGGRESSIVE;
				GCC_WARN_UNUSED_FUNCTION = YES;
				GCC_WARN_UNUSED_VARIABLE = YES;
				IPHONEOS_DEPLOYMENT_TARGET = 16.2;
				MTL_ENABLE_DEBUG_INFO = NO;
				MTL_FAST_MATH = YES;
				SDKROOT = iphoneos;
				SWIFT_COMPILATION_MODE = wholemodule;
				SWIFT_OPTIMIZATION_LEVEL = "-O";
				VALIDATE_PRODUCT = YES;
			};
			name = Release;
		};
		B1FD064729ABE1C000180914 /* Debug */ = {
			isa = XCBuildConfiguration;
			buildSettings = {
				ASSETCATALOG_COMPILER_APPICON_NAME = AppIcon;
				ASSETCATALOG_COMPILER_GLOBAL_ACCENT_COLOR_NAME = AccentColor;
				CODE_SIGN_ENTITLEMENTS = Skarban/Skarban.entitlements;
				CODE_SIGN_STYLE = Automatic;
				CURRENT_PROJECT_VERSION = 1;
				DEVELOPMENT_TEAM = NFA8F38A32;
				GENERATE_INFOPLIST_FILE = YES;
				INFOPLIST_FILE = Skarban/Info.plist;
				INFOPLIST_KEY_UIApplicationSupportsIndirectInputEvents = YES;
				INFOPLIST_KEY_UILaunchStoryboardName = LaunchScreen;
				INFOPLIST_KEY_UIMainStoryboardFile = "";
				INFOPLIST_KEY_UISupportedInterfaceOrientations_iPad = "UIInterfaceOrientationPortrait UIInterfaceOrientationPortraitUpsideDown UIInterfaceOrientationLandscapeLeft UIInterfaceOrientationLandscapeRight";
				INFOPLIST_KEY_UISupportedInterfaceOrientations_iPhone = "UIInterfaceOrientationPortrait UIInterfaceOrientationLandscapeLeft UIInterfaceOrientationLandscapeRight";
				LD_RUNPATH_SEARCH_PATHS = (
					"$(inherited)",
					"@executable_path/Frameworks",
				);
				MARKETING_VERSION = 1.0;
				PRODUCT_BUNDLE_IDENTIFIER = com.shiaulis.Skarban;
				PRODUCT_NAME = "$(TARGET_NAME)";
				SWIFT_EMIT_LOC_STRINGS = YES;
				SWIFT_VERSION = 5.0;
				TARGETED_DEVICE_FAMILY = "1,2";
			};
			name = Debug;
		};
		B1FD064829ABE1C000180914 /* Release */ = {
			isa = XCBuildConfiguration;
			buildSettings = {
				ASSETCATALOG_COMPILER_APPICON_NAME = AppIcon;
				ASSETCATALOG_COMPILER_GLOBAL_ACCENT_COLOR_NAME = AccentColor;
				CODE_SIGN_ENTITLEMENTS = Skarban/Skarban.entitlements;
				CODE_SIGN_STYLE = Automatic;
				CURRENT_PROJECT_VERSION = 1;
				DEVELOPMENT_TEAM = NFA8F38A32;
				GENERATE_INFOPLIST_FILE = YES;
				INFOPLIST_FILE = Skarban/Info.plist;
				INFOPLIST_KEY_UIApplicationSupportsIndirectInputEvents = YES;
				INFOPLIST_KEY_UILaunchStoryboardName = LaunchScreen;
				INFOPLIST_KEY_UIMainStoryboardFile = "";
				INFOPLIST_KEY_UISupportedInterfaceOrientations_iPad = "UIInterfaceOrientationPortrait UIInterfaceOrientationPortraitUpsideDown UIInterfaceOrientationLandscapeLeft UIInterfaceOrientationLandscapeRight";
				INFOPLIST_KEY_UISupportedInterfaceOrientations_iPhone = "UIInterfaceOrientationPortrait UIInterfaceOrientationLandscapeLeft UIInterfaceOrientationLandscapeRight";
				LD_RUNPATH_SEARCH_PATHS = (
					"$(inherited)",
					"@executable_path/Frameworks",
				);
				MARKETING_VERSION = 1.0;
				PRODUCT_BUNDLE_IDENTIFIER = com.shiaulis.Skarban;
				PRODUCT_NAME = "$(TARGET_NAME)";
				SWIFT_EMIT_LOC_STRINGS = YES;
				SWIFT_VERSION = 5.0;
				TARGETED_DEVICE_FAMILY = "1,2";
			};
			name = Release;
		};
/* End XCBuildConfiguration section */

/* Begin XCConfigurationList section */
		B1FD062A29ABE1BF00180914 /* Build configuration list for PBXProject "Skarban" */ = {
			isa = XCConfigurationList;
			buildConfigurations = (
				B1FD064429ABE1C000180914 /* Debug */,
				B1FD064529ABE1C000180914 /* Release */,
			);
			defaultConfigurationIsVisible = 0;
			defaultConfigurationName = Release;
		};
		B1FD064629ABE1C000180914 /* Build configuration list for PBXNativeTarget "Skarban" */ = {
			isa = XCConfigurationList;
			buildConfigurations = (
				B1FD064729ABE1C000180914 /* Debug */,
				B1FD064829ABE1C000180914 /* Release */,
			);
			defaultConfigurationIsVisible = 0;
			defaultConfigurationName = Release;
		};
/* End XCConfigurationList section */

/* Begin XCRemoteSwiftPackageReference section */
		B1EDB83A2A2BEF98004B7FAD /* XCRemoteSwiftPackageReference "sdk-for-apple" */ = {
			isa = XCRemoteSwiftPackageReference;
			repositoryURL = "https://github.com/appwrite/sdk-for-apple";
			requirement = {
				kind = upToNextMajorVersion;
				minimumVersion = 2.0.0;
			};
		};
/* End XCRemoteSwiftPackageReference section */

/* Begin XCSwiftPackageProductDependency section */
		B1EDB83B2A2BEF98004B7FAD /* Appwrite */ = {
			isa = XCSwiftPackageProductDependency;
			package = B1EDB83A2A2BEF98004B7FAD /* XCRemoteSwiftPackageReference "sdk-for-apple" */;
			productName = Appwrite;
		};
/* End XCSwiftPackageProductDependency section */

/* Begin XCVersionGroup section */
		B1FD063B29ABE1BF00180914 /* Skarban.xcdatamodeld */ = {
			isa = XCVersionGroup;
			children = (
				B1FD063C29ABE1BF00180914 /* Skarban.xcdatamodel */,
			);
			currentVersion = B1FD063C29ABE1BF00180914 /* Skarban.xcdatamodel */;
			path = Skarban.xcdatamodeld;
			sourceTree = "<group>";
			versionGroupType = wrapper.xcdatamodel;
		};
/* End XCVersionGroup section */
	};
	rootObject = B1FD062729ABE1BF00180914 /* Project object */;
}
